
Microsoft Visual Studio Solution File, Format Version 12.00
# Visual Studio Version 16
VisualStudioVersion = 16.0.30320.27
MinimumVisualStudioVersion = 10.0.40219.1
Project("{9A19103F-16F7-4668-BE54-9A1E7A4F7556}") = "School.gRPC", "School.gRPC\School.gRPC.csproj", "{3895DF3D-D8BA-43D5-AF10-DBD8019EF4D7}"
EndProject
Project("{9A19103F-16F7-4668-BE54-9A1E7A4F7556}") = "School.WebAPI", "School.WebAPI\School.WebAPI.csproj", "{766DCDCB-1E3E-4D67-B011-BCED71542CD6}"
EndProject
Global
	GlobalSection(SolutionConfigurationPlatforms) = preSolution
		Debug|Any CPU = Debug|Any CPU
		Release|Any CPU = Release|Any CPU
	EndGlobalSection
	GlobalSection(ProjectConfigurationPlatforms) = postSolution
		{3895DF3D-D8BA-43D5-AF10-DBD8019EF4D7}.Debug|Any CPU.ActiveCfg = Debug|Any CPU
		{3895DF3D-D8BA-43D5-AF10-DBD8019EF4D7}.Debug|Any CPU.Build.0 = Debug|Any CPU
		{3895DF3D-D8BA-43D5-AF10-DBD8019EF4D7}.Release|Any CPU.ActiveCfg = Release|Any CPU
		{3895DF3D-D8BA-43D5-AF10-DBD8019EF4D7}.Release|Any CPU.Build.0 = Release|Any CPU
		{766DCDCB-1E3E-4D67-B011-BCED71542CD6}.Debug|Any CPU.ActiveCfg = Debug|Any CPU
		{766DCDCB-1E3E-4D67-B011-BCED71542CD6}.Debug|Any CPU.Build.0 = Debug|Any CPU
		{766DCDCB-1E3E-4D67-B011-BCED71542CD6}.Release|Any CPU.ActiveCfg = Release|Any CPU
		{766DCDCB-1E3E-4D67-B011-BCED71542CD6}.Release|Any CPU.Build.0 = Release|Any CPU
	EndGlobalSection
	GlobalSection(SolutionProperties) = preSolution
		HideSolutionNode = FALSE
	EndGlobalSection
	GlobalSection(ExtensibilityGlobals) = postSolution
		SolutionGuid = {617D3CDB-0DE0-44F0-A20D-D58776024512}
	EndGlobalSection
EndGlobal
